
Microsoft Visual Studio Solution File, Format Version 12.00
# Visual Studio 2012
Project("{FAE04EC0-301F-11D3-BF4B-00C04F79EFBC}") = "FJCoreWin", "FJCore\FJCoreWin.csproj", "{92CBFC34-C2C8-4DA5-B1A1-0701AE69F252}"
EndProject
Project("{FAE04EC0-301F-11D3-BF4B-00C04F79EFBC}") = "FJUnit", "FJUnit\FJUnit.csproj", "{1E49A668-E5B7-4BFC-9A81-5C75260EC711}"
EndProject
Project("{FAE04EC0-301F-11D3-BF4B-00C04F79EFBC}") = "FJCore", "FJCore\FJCore.csproj", "{2A3DD201-4EB0-44BA-8A99-8D5ECD538F1F}"
EndProject
Project("{FAE04EC0-301F-11D3-BF4B-00C04F79EFBC}") = "FJExample", "FJExample\FJExample.csproj", "{E243C5E2-C2C4-4DCB-9381-2BD7ECF12865}"
EndProject
Project("{FAE04EC0-301F-11D3-BF4B-00C04F79EFBC}") = "Portable.FJCore", "FJCore\Portable.FJCore.csproj", "{1F303B99-2C5D-4887-8E31-0B37E5279E83}"
EndProject
Project("{FAE04EC0-301F-11D3-BF4B-00C04F79EFBC}") = "Store.FJExample", "Store.FJExample\Store.FJExample.csproj", "{2C8AB1E6-9D05-42EB-B7A7-1FFD128A891B}"
EndProject
Global
	GlobalSection(SolutionConfigurationPlatforms) = preSolution
		Debug|.NET = Debug|.NET
		Debug|Any CPU = Debug|Any CPU
		Debug|ARM = Debug|ARM
		Debug|Mixed Platforms = Debug|Mixed Platforms
		Debug|x64 = Debug|x64
		Debug|x86 = Debug|x86
		Release (dMSIL)|.NET = Release (dMSIL)|.NET
		Release (dMSIL)|Any CPU = Release (dMSIL)|Any CPU
		Release (dMSIL)|ARM = Release (dMSIL)|ARM
		Release (dMSIL)|Mixed Platforms = Release (dMSIL)|Mixed Platforms
		Release (dMSIL)|x64 = Release (dMSIL)|x64
		Release (dMSIL)|x86 = Release (dMSIL)|x86
		Release|.NET = Release|.NET
		Release|Any CPU = Release|Any CPU
		Release|ARM = Release|ARM
		Release|Mixed Platforms = Release|Mixed Platforms
		Release|x64 = Release|x64
		Release|x86 = Release|x86
	EndGlobalSection
	GlobalSection(ProjectConfigurationPlatforms) = postSolution
		{92CBFC34-C2C8-4DA5-B1A1-0701AE69F252}.Debug|.NET.ActiveCfg = Debug|Any CPU
		{92CBFC34-C2C8-4DA5-B1A1-0701AE69F252}.Debug|Any CPU.ActiveCfg = Debug|Any CPU
		{92CBFC34-C2C8-4DA5-B1A1-0701AE69F252}.Debug|Any CPU.Build.0 = Debug|Any CPU
		{92CBFC34-C2C8-4DA5-B1A1-0701AE69F252}.Debug|ARM.ActiveCfg = Debug|Any CPU
		{92CBFC34-C2C8-4DA5-B1A1-0701AE69F252}.Debug|Mixed Platforms.ActiveCfg = Debug|Any CPU
		{92CBFC34-C2C8-4DA5-B1A1-0701AE69F252}.Debug|Mixed Platforms.Build.0 = Debug|Any CPU
		{92CBFC34-C2C8-4DA5-B1A1-0701AE69F252}.Debug|x64.ActiveCfg = Debug|Any CPU
		{92CBFC34-C2C8-4DA5-B1A1-0701AE69F252}.Debug|x86.ActiveCfg = Debug|Any CPU
		{92CBFC34-C2C8-4DA5-B1A1-0701AE69F252}.Release (dMSIL)|.NET.ActiveCfg = Release (dMSIL)|Any CPU
		{92CBFC34-C2C8-4DA5-B1A1-0701AE69F252}.Release (dMSIL)|Any CPU.ActiveCfg = Release (dMSIL)|Any CPU
		{92CBFC34-C2C8-4DA5-B1A1-0701AE69F252}.Release (dMSIL)|Any CPU.Build.0 = Release (dMSIL)|Any CPU
		{92CBFC34-C2C8-4DA5-B1A1-0701AE69F252}.Release (dMSIL)|ARM.ActiveCfg = Release (dMSIL)|Any CPU
		{92CBFC34-C2C8-4DA5-B1A1-0701AE69F252}.Release (dMSIL)|Mixed Platforms.ActiveCfg = Release (dMSIL)|Any CPU
		{92CBFC34-C2C8-4DA5-B1A1-0701AE69F252}.Release (dMSIL)|Mixed Platforms.Build.0 = Release (dMSIL)|Any CPU
		{92CBFC34-C2C8-4DA5-B1A1-0701AE69F252}.Release (dMSIL)|x64.ActiveCfg = Release (dMSIL)|Any CPU
		{92CBFC34-C2C8-4DA5-B1A1-0701AE69F252}.Release (dMSIL)|x86.ActiveCfg = Release (dMSIL)|Any CPU
		{92CBFC34-C2C8-4DA5-B1A1-0701AE69F252}.Release|.NET.ActiveCfg = Release|Any CPU
		{92CBFC34-C2C8-4DA5-B1A1-0701AE69F252}.Release|Any CPU.ActiveCfg = Release|Any CPU
		{92CBFC34-C2C8-4DA5-B1A1-0701AE69F252}.Release|Any CPU.Build.0 = Release|Any CPU
		{92CBFC34-C2C8-4DA5-B1A1-0701AE69F252}.Release|ARM.ActiveCfg = Release|Any CPU
		{92CBFC34-C2C8-4DA5-B1A1-0701AE69F252}.Release|Mixed Platforms.ActiveCfg = Release|Any CPU
		{92CBFC34-C2C8-4DA5-B1A1-0701AE69F252}.Release|Mixed Platforms.Build.0 = Release|Any CPU
		{92CBFC34-C2C8-4DA5-B1A1-0701AE69F252}.Release|x64.ActiveCfg = Release|Any CPU
		{92CBFC34-C2C8-4DA5-B1A1-0701AE69F252}.Release|x86.ActiveCfg = Release|Any CPU
		{1E49A668-E5B7-4BFC-9A81-5C75260EC711}.Debug|.NET.ActiveCfg = Debug|Any CPU
		{1E49A668-E5B7-4BFC-9A81-5C75260EC711}.Debug|Any CPU.ActiveCfg = Debug|Any CPU
		{1E49A668-E5B7-4BFC-9A81-5C75260EC711}.Debug|Any CPU.Build.0 = Debug|Any CPU
		{1E49A668-E5B7-4BFC-9A81-5C75260EC711}.Debug|ARM.ActiveCfg = Debug|Any CPU
		{1E49A668-E5B7-4BFC-9A81-5C75260EC711}.Debug|Mixed Platforms.ActiveCfg = Debug|Any CPU
		{1E49A668-E5B7-4BFC-9A81-5C75260EC711}.Debug|Mixed Platforms.Build.0 = Debug|Any CPU
		{1E49A668-E5B7-4BFC-9A81-5C75260EC711}.Debug|x64.ActiveCfg = Debug|Any CPU
		{1E49A668-E5B7-4BFC-9A81-5C75260EC711}.Debug|x86.ActiveCfg = Debug|Any CPU
		{1E49A668-E5B7-4BFC-9A81-5C75260EC711}.Release (dMSIL)|.NET.ActiveCfg = Release (dMSIL)|Any CPU
		{1E49A668-E5B7-4BFC-9A81-5C75260EC711}.Release (dMSIL)|Any CPU.ActiveCfg = Release (dMSIL)|Any CPU
		{1E49A668-E5B7-4BFC-9A81-5C75260EC711}.Release (dMSIL)|Any CPU.Build.0 = Release (dMSIL)|Any CPU
		{1E49A668-E5B7-4BFC-9A81-5C75260EC711}.Release (dMSIL)|ARM.ActiveCfg = Release (dMSIL)|Any CPU
		{1E49A668-E5B7-4BFC-9A81-5C75260EC711}.Release (dMSIL)|Mixed Platforms.ActiveCfg = Release (dMSIL)|Any CPU
		{1E49A668-E5B7-4BFC-9A81-5C75260EC711}.Release (dMSIL)|Mixed Platforms.Build.0 = Release (dMSIL)|Any CPU
		{1E49A668-E5B7-4BFC-9A81-5C75260EC711}.Release (dMSIL)|x64.ActiveCfg = Release (dMSIL)|Any CPU
		{1E49A668-E5B7-4BFC-9A81-5C75260EC711}.Release (dMSIL)|x86.ActiveCfg = Release (dMSIL)|Any CPU
		{1E49A668-E5B7-4BFC-9A81-5C75260EC711}.Release|.NET.ActiveCfg = Release|Any CPU
		{1E49A668-E5B7-4BFC-9A81-5C75260EC711}.Release|Any CPU.ActiveCfg = Release|Any CPU
		{1E49A668-E5B7-4BFC-9A81-5C75260EC711}.Release|Any CPU.Build.0 = Release|Any CPU
		{1E49A668-E5B7-4BFC-9A81-5C75260EC711}.Release|ARM.ActiveCfg = Release|Any CPU
		{1E49A668-E5B7-4BFC-9A81-5C75260EC711}.Release|Mixed Platforms.ActiveCfg = Release|Any CPU
		{1E49A668-E5B7-4BFC-9A81-5C75260EC711}.Release|Mixed Platforms.Build.0 = Release|Any CPU
		{1E49A668-E5B7-4BFC-9A81-5C75260EC711}.Release|x64.ActiveCfg = Release|Any CPU
		{1E49A668-E5B7-4BFC-9A81-5C75260EC711}.Release|x86.ActiveCfg = Release|Any CPU
		{2A3DD201-4EB0-44BA-8A99-8D5ECD538F1F}.Debug|.NET.ActiveCfg = Debug|Any CPU
		{2A3DD201-4EB0-44BA-8A99-8D5ECD538F1F}.Debug|Any CPU.ActiveCfg = Debug|Any CPU
		{2A3DD201-4EB0-44BA-8A99-8D5ECD538F1F}.Debug|Any CPU.Build.0 = Debug|Any CPU
		{2A3DD201-4EB0-44BA-8A99-8D5ECD538F1F}.Debug|ARM.ActiveCfg = Debug|Any CPU
		{2A3DD201-4EB0-44BA-8A99-8D5ECD538F1F}.Debug|Mixed Platforms.ActiveCfg = Debug|Any CPU
		{2A3DD201-4EB0-44BA-8A99-8D5ECD538F1F}.Debug|Mixed Platforms.Build.0 = Debug|Any CPU
		{2A3DD201-4EB0-44BA-8A99-8D5ECD538F1F}.Debug|x64.ActiveCfg = Debug|Any CPU
		{2A3DD201-4EB0-44BA-8A99-8D5ECD538F1F}.Debug|x86.ActiveCfg = Debug|Any CPU
		{2A3DD201-4EB0-44BA-8A99-8D5ECD538F1F}.Release (dMSIL)|.NET.ActiveCfg = Release|Any CPU
		{2A3DD201-4EB0-44BA-8A99-8D5ECD538F1F}.Release (dMSIL)|Any CPU.ActiveCfg = Release|Any CPU
		{2A3DD201-4EB0-44BA-8A99-8D5ECD538F1F}.Release (dMSIL)|Any CPU.Build.0 = Release|Any CPU
		{2A3DD201-4EB0-44BA-8A99-8D5ECD538F1F}.Release (dMSIL)|ARM.ActiveCfg = Release|Any CPU
		{2A3DD201-4EB0-44BA-8A99-8D5ECD538F1F}.Release (dMSIL)|Mixed Platforms.ActiveCfg = Release|Any CPU
		{2A3DD201-4EB0-44BA-8A99-8D5ECD538F1F}.Release (dMSIL)|Mixed Platforms.Build.0 = Release|Any CPU
		{2A3DD201-4EB0-44BA-8A99-8D5ECD538F1F}.Release (dMSIL)|x64.ActiveCfg = Release|Any CPU
		{2A3DD201-4EB0-44BA-8A99-8D5ECD538F1F}.Release (dMSIL)|x86.ActiveCfg = Release|Any CPU
		{2A3DD201-4EB0-44BA-8A99-8D5ECD538F1F}.Release|.NET.ActiveCfg = Release|Any CPU
		{2A3DD201-4EB0-44BA-8A99-8D5ECD538F1F}.Release|Any CPU.ActiveCfg = Release|Any CPU
		{2A3DD201-4EB0-44BA-8A99-8D5ECD538F1F}.Release|Any CPU.Build.0 = Release|Any CPU
		{2A3DD201-4EB0-44BA-8A99-8D5ECD538F1F}.Release|ARM.ActiveCfg = Release|Any CPU
		{2A3DD201-4EB0-44BA-8A99-8D5ECD538F1F}.Release|Mixed Platforms.ActiveCfg = Release|Any CPU
		{2A3DD201-4EB0-44BA-8A99-8D5ECD538F1F}.Release|Mixed Platforms.Build.0 = Release|Any CPU
		{2A3DD201-4EB0-44BA-8A99-8D5ECD538F1F}.Release|x64.ActiveCfg = Release|Any CPU
		{2A3DD201-4EB0-44BA-8A99-8D5ECD538F1F}.Release|x86.ActiveCfg = Release|Any CPU
		{E243C5E2-C2C4-4DCB-9381-2BD7ECF12865}.Debug|.NET.ActiveCfg = Debug|Any CPU
		{E243C5E2-C2C4-4DCB-9381-2BD7ECF12865}.Debug|Any CPU.ActiveCfg = Debug|Any CPU
		{E243C5E2-C2C4-4DCB-9381-2BD7ECF12865}.Debug|Any CPU.Build.0 = Debug|Any CPU
		{E243C5E2-C2C4-4DCB-9381-2BD7ECF12865}.Debug|ARM.ActiveCfg = Debug|Any CPU
		{E243C5E2-C2C4-4DCB-9381-2BD7ECF12865}.Debug|Mixed Platforms.ActiveCfg = Debug|Any CPU
		{E243C5E2-C2C4-4DCB-9381-2BD7ECF12865}.Debug|Mixed Platforms.Build.0 = Debug|Any CPU
		{E243C5E2-C2C4-4DCB-9381-2BD7ECF12865}.Debug|x64.ActiveCfg = Debug|Any CPU
		{E243C5E2-C2C4-4DCB-9381-2BD7ECF12865}.Debug|x86.ActiveCfg = Debug|Any CPU
		{E243C5E2-C2C4-4DCB-9381-2BD7ECF12865}.Release (dMSIL)|.NET.ActiveCfg = Release|Any CPU
		{E243C5E2-C2C4-4DCB-9381-2BD7ECF12865}.Release (dMSIL)|Any CPU.ActiveCfg = Release|Any CPU
		{E243C5E2-C2C4-4DCB-9381-2BD7ECF12865}.Release (dMSIL)|Any CPU.Build.0 = Release|Any CPU
		{E243C5E2-C2C4-4DCB-9381-2BD7ECF12865}.Release (dMSIL)|ARM.ActiveCfg = Release|Any CPU
		{E243C5E2-C2C4-4DCB-9381-2BD7ECF12865}.Release (dMSIL)|Mixed Platforms.ActiveCfg = Release|Any CPU
		{E243C5E2-C2C4-4DCB-9381-2BD7ECF12865}.Release (dMSIL)|Mixed Platforms.Build.0 = Release|Any CPU
		{E243C5E2-C2C4-4DCB-9381-2BD7ECF12865}.Release (dMSIL)|x64.ActiveCfg = Release|Any CPU
		{E243C5E2-C2C4-4DCB-9381-2BD7ECF12865}.Release (dMSIL)|x86.ActiveCfg = Release|Any CPU
		{E243C5E2-C2C4-4DCB-9381-2BD7ECF12865}.Release|.NET.ActiveCfg = Release|Any CPU
		{E243C5E2-C2C4-4DCB-9381-2BD7ECF12865}.Release|Any CPU.ActiveCfg = Release|Any CPU
		{E243C5E2-C2C4-4DCB-9381-2BD7ECF12865}.Release|Any CPU.Build.0 = Release|Any CPU
		{E243C5E2-C2C4-4DCB-9381-2BD7ECF12865}.Release|ARM.ActiveCfg = Release|Any CPU
		{E243C5E2-C2C4-4DCB-9381-2BD7ECF12865}.Release|Mixed Platforms.ActiveCfg = Release|Any CPU
		{E243C5E2-C2C4-4DCB-9381-2BD7ECF12865}.Release|Mixed Platforms.Build.0 = Release|Any CPU
		{E243C5E2-C2C4-4DCB-9381-2BD7ECF12865}.Release|x64.ActiveCfg = Release|Any CPU
		{E243C5E2-C2C4-4DCB-9381-2BD7ECF12865}.Release|x86.ActiveCfg = Release|Any CPU
		{1F303B99-2C5D-4887-8E31-0B37E5279E83}.Debug|.NET.ActiveCfg = Debug|Any CPU
		{1F303B99-2C5D-4887-8E31-0B37E5279E83}.Debug|Any CPU.ActiveCfg = Debug|Any CPU
		{1F303B99-2C5D-4887-8E31-0B37E5279E83}.Debug|Any CPU.Build.0 = Debug|Any CPU
		{1F303B99-2C5D-4887-8E31-0B37E5279E83}.Debug|ARM.ActiveCfg = Debug|Any CPU
		{1F303B99-2C5D-4887-8E31-0B37E5279E83}.Debug|Mixed Platforms.ActiveCfg = Debug|Any CPU
		{1F303B99-2C5D-4887-8E31-0B37E5279E83}.Debug|Mixed Platforms.Build.0 = Debug|Any CPU
		{1F303B99-2C5D-4887-8E31-0B37E5279E83}.Debug|x64.ActiveCfg = Debug|Any CPU
		{1F303B99-2C5D-4887-8E31-0B37E5279E83}.Debug|x86.ActiveCfg = Debug|Any CPU
		{1F303B99-2C5D-4887-8E31-0B37E5279E83}.Release (dMSIL)|.NET.ActiveCfg = Release|Any CPU
		{1F303B99-2C5D-4887-8E31-0B37E5279E83}.Release (dMSIL)|Any CPU.ActiveCfg = Release|Any CPU
		{1F303B99-2C5D-4887-8E31-0B37E5279E83}.Release (dMSIL)|Any CPU.Build.0 = Release|Any CPU
		{1F303B99-2C5D-4887-8E31-0B37E5279E83}.Release (dMSIL)|ARM.ActiveCfg = Release|Any CPU
		{1F303B99-2C5D-4887-8E31-0B37E5279E83}.Release (dMSIL)|Mixed Platforms.ActiveCfg = Release|Any CPU
		{1F303B99-2C5D-4887-8E31-0B37E5279E83}.Release (dMSIL)|Mixed Platforms.Build.0 = Release|Any CPU
		{1F303B99-2C5D-4887-8E31-0B37E5279E83}.Release (dMSIL)|x64.ActiveCfg = Release|Any CPU
		{1F303B99-2C5D-4887-8E31-0B37E5279E83}.Release (dMSIL)|x86.ActiveCfg = Release|Any CPU
		{1F303B99-2C5D-4887-8E31-0B37E5279E83}.Release|.NET.ActiveCfg = Release|Any CPU
		{1F303B99-2C5D-4887-8E31-0B37E5279E83}.Release|Any CPU.ActiveCfg = Release|Any CPU
		{1F303B99-2C5D-4887-8E31-0B37E5279E83}.Release|Any CPU.Build.0 = Release|Any CPU
		{1F303B99-2C5D-4887-8E31-0B37E5279E83}.Release|ARM.ActiveCfg = Release|Any CPU
		{1F303B99-2C5D-4887-8E31-0B37E5279E83}.Release|Mixed Platforms.ActiveCfg = Release|Any CPU
		{1F303B99-2C5D-4887-8E31-0B37E5279E83}.Release|Mixed Platforms.Build.0 = Release|Any CPU
		{1F303B99-2C5D-4887-8E31-0B37E5279E83}.Release|x64.ActiveCfg = Release|Any CPU
		{1F303B99-2C5D-4887-8E31-0B37E5279E83}.Release|x86.ActiveCfg = Release|Any CPU
		{2C8AB1E6-9D05-42EB-B7A7-1FFD128A891B}.Debug|.NET.ActiveCfg = Debug|Any CPU
		{2C8AB1E6-9D05-42EB-B7A7-1FFD128A891B}.Debug|Any CPU.ActiveCfg = Debug|Any CPU
		{2C8AB1E6-9D05-42EB-B7A7-1FFD128A891B}.Debug|Any CPU.Build.0 = Debug|Any CPU
		{2C8AB1E6-9D05-42EB-B7A7-1FFD128A891B}.Debug|Any CPU.Deploy.0 = Debug|Any CPU
		{2C8AB1E6-9D05-42EB-B7A7-1FFD128A891B}.Debug|ARM.ActiveCfg = Debug|ARM
		{2C8AB1E6-9D05-42EB-B7A7-1FFD128A891B}.Debug|ARM.Build.0 = Debug|ARM
		{2C8AB1E6-9D05-42EB-B7A7-1FFD128A891B}.Debug|ARM.Deploy.0 = Debug|ARM
		{2C8AB1E6-9D05-42EB-B7A7-1FFD128A891B}.Debug|Mixed Platforms.ActiveCfg = Debug|x86
		{2C8AB1E6-9D05-42EB-B7A7-1FFD128A891B}.Debug|Mixed Platforms.Build.0 = Debug|x86
		{2C8AB1E6-9D05-42EB-B7A7-1FFD128A891B}.Debug|Mixed Platforms.Deploy.0 = Debug|x86
		{2C8AB1E6-9D05-42EB-B7A7-1FFD128A891B}.Debug|x64.ActiveCfg = Debug|x64
		{2C8AB1E6-9D05-42EB-B7A7-1FFD128A891B}.Debug|x64.Build.0 = Debug|x64
		{2C8AB1E6-9D05-42EB-B7A7-1FFD128A891B}.Debug|x64.Deploy.0 = Debug|x64
		{2C8AB1E6-9D05-42EB-B7A7-1FFD128A891B}.Debug|x86.ActiveCfg = Debug|x86
		{2C8AB1E6-9D05-42EB-B7A7-1FFD128A891B}.Debug|x86.Build.0 = Debug|x86
		{2C8AB1E6-9D05-42EB-B7A7-1FFD128A891B}.Debug|x86.Deploy.0 = Debug|x86
		{2C8AB1E6-9D05-42EB-B7A7-1FFD128A891B}.Release (dMSIL)|.NET.ActiveCfg = Release|Any CPU
		{2C8AB1E6-9D05-42EB-B7A7-1FFD128A891B}.Release (dMSIL)|Any CPU.ActiveCfg = Release|Any CPU
		{2C8AB1E6-9D05-42EB-B7A7-1FFD128A891B}.Release (dMSIL)|Any CPU.Build.0 = Release|Any CPU
		{2C8AB1E6-9D05-42EB-B7A7-1FFD128A891B}.Release (dMSIL)|Any CPU.Deploy.0 = Release|Any CPU
		{2C8AB1E6-9D05-42EB-B7A7-1FFD128A891B}.Release (dMSIL)|ARM.ActiveCfg = Release|ARM
		{2C8AB1E6-9D05-42EB-B7A7-1FFD128A891B}.Release (dMSIL)|ARM.Build.0 = Release|ARM
		{2C8AB1E6-9D05-42EB-B7A7-1FFD128A891B}.Release (dMSIL)|ARM.Deploy.0 = Release|ARM
		{2C8AB1E6-9D05-42EB-B7A7-1FFD128A891B}.Release (dMSIL)|Mixed Platforms.ActiveCfg = Release|x86
		{2C8AB1E6-9D05-42EB-B7A7-1FFD128A891B}.Release (dMSIL)|Mixed Platforms.Build.0 = Release|x86
		{2C8AB1E6-9D05-42EB-B7A7-1FFD128A891B}.Release (dMSIL)|Mixed Platforms.Deploy.0 = Release|x86
		{2C8AB1E6-9D05-42EB-B7A7-1FFD128A891B}.Release (dMSIL)|x64.ActiveCfg = Release|x64
		{2C8AB1E6-9D05-42EB-B7A7-1FFD128A891B}.Release (dMSIL)|x64.Build.0 = Release|x64
		{2C8AB1E6-9D05-42EB-B7A7-1FFD128A891B}.Release (dMSIL)|x64.Deploy.0 = Release|x64
		{2C8AB1E6-9D05-42EB-B7A7-1FFD128A891B}.Release (dMSIL)|x86.ActiveCfg = Release|x86
		{2C8AB1E6-9D05-42EB-B7A7-1FFD128A891B}.Release (dMSIL)|x86.Build.0 = Release|x86
		{2C8AB1E6-9D05-42EB-B7A7-1FFD128A891B}.Release (dMSIL)|x86.Deploy.0 = Release|x86
		{2C8AB1E6-9D05-42EB-B7A7-1FFD128A891B}.Release|.NET.ActiveCfg = Release|Any CPU
		{2C8AB1E6-9D05-42EB-B7A7-1FFD128A891B}.Release|Any CPU.ActiveCfg = Release|Any CPU
		{2C8AB1E6-9D05-42EB-B7A7-1FFD128A891B}.Release|Any CPU.Build.0 = Release|Any CPU
		{2C8AB1E6-9D05-42EB-B7A7-1FFD128A891B}.Release|Any CPU.Deploy.0 = Release|Any CPU
		{2C8AB1E6-9D05-42EB-B7A7-1FFD128A891B}.Release|ARM.ActiveCfg = Release|ARM
		{2C8AB1E6-9D05-42EB-B7A7-1FFD128A891B}.Release|ARM.Build.0 = Release|ARM
		{2C8AB1E6-9D05-42EB-B7A7-1FFD128A891B}.Release|ARM.Deploy.0 = Release|ARM
		{2C8AB1E6-9D05-42EB-B7A7-1FFD128A891B}.Release|Mixed Platforms.ActiveCfg = Release|x86
		{2C8AB1E6-9D05-42EB-B7A7-1FFD128A891B}.Release|Mixed Platforms.Build.0 = Release|x86
		{2C8AB1E6-9D05-42EB-B7A7-1FFD128A891B}.Release|Mixed Platforms.Deploy.0 = Release|x86
		{2C8AB1E6-9D05-42EB-B7A7-1FFD128A891B}.Release|x64.ActiveCfg = Release|x64
		{2C8AB1E6-9D05-42EB-B7A7-1FFD128A891B}.Release|x64.Build.0 = Release|x64
		{2C8AB1E6-9D05-42EB-B7A7-1FFD128A891B}.Release|x64.Deploy.0 = Release|x64
		{2C8AB1E6-9D05-42EB-B7A7-1FFD128A891B}.Release|x86.ActiveCfg = Release|x86
		{2C8AB1E6-9D05-42EB-B7A7-1FFD128A891B}.Release|x86.Build.0 = Release|x86
		{2C8AB1E6-9D05-42EB-B7A7-1FFD128A891B}.Release|x86.Deploy.0 = Release|x86
	EndGlobalSection
	GlobalSection(SolutionProperties) = preSolution
		HideSolutionNode = FALSE
	EndGlobalSection
EndGlobal
